// !$*UTF8*$!
{
	archiveVersion = 1;
	classes = {
	};
	objectVersion = 51;
	objects = {

/* Begin PBXBuildFile section */
		8D483BB7225A8279003922A3 /* AppDelegate.swift in Sources */ = {isa = PBXBuildFile; fileRef = 8D483BB6225A8279003922A3 /* AppDelegate.swift */; };
		8D483BBC225A8279003922A3 /* Main.storyboard in Resources */ = {isa = PBXBuildFile; fileRef = 8D483BBA225A8279003922A3 /* Main.storyboard */; };
		8D483BBE225A827A003922A3 /* Assets.xcassets in Resources */ = {isa = PBXBuildFile; fileRef = 8D483BBD225A827A003922A3 /* Assets.xcassets */; };
		8D483BC1225A827A003922A3 /* LaunchScreen.storyboard in Resources */ = {isa = PBXBuildFile; fileRef = 8D483BBF225A827A003922A3 /* LaunchScreen.storyboard */; };
		8D483BC9225A89B9003922A3 /* tableViewCell.swift in Sources */ = {isa = PBXBuildFile; fileRef = 8D483BC8225A89B9003922A3 /* tableViewCell.swift */; };
		8D483BCC225A8B05003922A3 /* SearchViewController.swift in Sources */ = {isa = PBXBuildFile; fileRef = 8D483BCB225A8B05003922A3 /* SearchViewController.swift */; };
		8DEE8ADE226C0E7400BDF6BC /* Final.xcdatamodeld in Sources */ = {isa = PBXBuildFile; fileRef = 8DEE8ADC226C0E7400BDF6BC /* Final.xcdatamodeld */; };
		8DEE8B042274EEC900BDF6BC /* SearchedResultViewController.swift in Sources */ = {isa = PBXBuildFile; fileRef = 8DEE8B032274EEC900BDF6BC /* SearchedResultViewController.swift */; };
		8DEE8B0B227B947800BDF6BC /* CraigslistClient.swift in Sources */ = {isa = PBXBuildFile; fileRef = 8DEE8B0A227B947800BDF6BC /* CraigslistClient.swift */; };
		8DEE8B0D227B9B9800BDF6BC /* GCDBlackBox.swift in Sources */ = {isa = PBXBuildFile; fileRef = 8DEE8B0C227B9B9800BDF6BC /* GCDBlackBox.swift */; };
		8DEE8B1122A8A0C600BDF6BC /* DataController.swift in Sources */ = {isa = PBXBuildFile; fileRef = 8DEE8B1022A8A0C600BDF6BC /* DataController.swift */; };
		8DEE8B1422A8A30500BDF6BC /* itemCell.swift in Sources */ = {isa = PBXBuildFile; fileRef = 8DEE8B1322A8A30500BDF6BC /* itemCell.swift */; };
		8DEE8B1722A8A6AD00BDF6BC /* cell.swift in Sources */ = {isa = PBXBuildFile; fileRef = 8DEE8B1622A8A6AD00BDF6BC /* cell.swift */; };
		94BF221E4301D0DA0E57B637 /* Pods_Final_Project.framework in Frameworks */ = {isa = PBXBuildFile; fileRef = 588609A84665F84046F54128 /* Pods_Final_Project.framework */; };
/* End PBXBuildFile section */

/* Begin PBXFileReference section */
		588609A84665F84046F54128 /* Pods_Final_Project.framework */ = {isa = PBXFileReference; explicitFileType = wrapper.framework; includeInIndex = 0; path = Pods_Final_Project.framework; sourceTree = BUILT_PRODUCTS_DIR; };
		5DD885E0721FC29170FF9CA6 /* Pods-Final Project.debug.xcconfig */ = {isa = PBXFileReference; includeInIndex = 1; lastKnownFileType = text.xcconfig; name = "Pods-Final Project.debug.xcconfig"; path = "Target Support Files/Pods-Final Project/Pods-Final Project.debug.xcconfig"; sourceTree = "<group>"; };
		8D483BB3225A8279003922A3 /* Final Project.app */ = {isa = PBXFileReference; explicitFileType = wrapper.application; includeInIndex = 0; path = "Final Project.app"; sourceTree = BUILT_PRODUCTS_DIR; };
		8D483BB6225A8279003922A3 /* AppDelegate.swift */ = {isa = PBXFileReference; lastKnownFileType = sourcecode.swift; path = AppDelegate.swift; sourceTree = "<group>"; };
		8D483BBB225A8279003922A3 /* Base */ = {isa = PBXFileReference; lastKnownFileType = file.storyboard; name = Base; path = Base.lproj/Main.storyboard; sourceTree = "<group>"; };
		8D483BBD225A827A003922A3 /* Assets.xcassets */ = {isa = PBXFileReference; lastKnownFileType = folder.assetcatalog; path = Assets.xcassets; sourceTree = "<group>"; };
		8D483BC0225A827A003922A3 /* Base */ = {isa = PBXFileReference; lastKnownFileType = file.storyboard; name = Base; path = Base.lproj/LaunchScreen.storyboard; sourceTree = "<group>"; };
		8D483BC2225A827A003922A3 /* Info.plist */ = {isa = PBXFileReference; lastKnownFileType = text.plist.xml; path = Info.plist; sourceTree = "<group>"; };
		8D483BC8225A89B9003922A3 /* tableViewCell.swift */ = {isa = PBXFileReference; lastKnownFileType = sourcecode.swift; path = tableViewCell.swift; sourceTree = "<group>"; };
		8D483BCB225A8B05003922A3 /* SearchViewController.swift */ = {isa = PBXFileReference; lastKnownFileType = sourcecode.swift; path = SearchViewController.swift; sourceTree = "<group>"; };
		8DEE8ADD226C0E7400BDF6BC /* Final.xcdatamodel */ = {isa = PBXFileReference; lastKnownFileType = wrapper.xcdatamodel; path = Final.xcdatamodel; sourceTree = "<group>"; };
		8DEE8B032274EEC900BDF6BC /* SearchedResultViewController.swift */ = {isa = PBXFileReference; lastKnownFileType = sourcecode.swift; path = SearchedResultViewController.swift; sourceTree = "<group>"; };
		8DEE8B0A227B947800BDF6BC /* CraigslistClient.swift */ = {isa = PBXFileReference; lastKnownFileType = sourcecode.swift; path = CraigslistClient.swift; sourceTree = "<group>"; };
		8DEE8B0C227B9B9800BDF6BC /* GCDBlackBox.swift */ = {isa = PBXFileReference; lastKnownFileType = sourcecode.swift; path = GCDBlackBox.swift; sourceTree = "<group>"; };
		8DEE8B1022A8A0C600BDF6BC /* DataController.swift */ = {isa = PBXFileReference; lastKnownFileType = sourcecode.swift; path = DataController.swift; sourceTree = "<group>"; };
		8DEE8B1322A8A30500BDF6BC /* itemCell.swift */ = {isa = PBXFileReference; lastKnownFileType = sourcecode.swift; path = itemCell.swift; sourceTree = "<group>"; };
		8DEE8B1622A8A6AD00BDF6BC /* cell.swift */ = {isa = PBXFileReference; lastKnownFileType = sourcecode.swift; path = cell.swift; sourceTree = "<group>"; };
		EEAE9ED5C863DACBBD5B6C84 /* Pods-Final Project.release.xcconfig */ = {isa = PBXFileReference; includeInIndex = 1; lastKnownFileType = text.xcconfig; name = "Pods-Final Project.release.xcconfig"; path = "Target Support Files/Pods-Final Project/Pods-Final Project.release.xcconfig"; sourceTree = "<group>"; };
/* End PBXFileReference section */

/* Begin PBXFrameworksBuildPhase section */
		8D483BB0225A8279003922A3 /* Frameworks */ = {
			isa = PBXFrameworksBuildPhase;
			buildActionMask = 2147483647;
			files = (
				94BF221E4301D0DA0E57B637 /* Pods_Final_Project.framework in Frameworks */,
			);
			runOnlyForDeploymentPostprocessing = 0;
		};
/* End PBXFrameworksBuildPhase section */

/* Begin PBXGroup section */
		30D3B8FAE0C9036D7CC4DB00 /* Pods */ = {
			isa = PBXGroup;
			children = (
				5DD885E0721FC29170FF9CA6 /* Pods-Final Project.debug.xcconfig */,
				EEAE9ED5C863DACBBD5B6C84 /* Pods-Final Project.release.xcconfig */,
			);
			path = Pods;
			sourceTree = "<group>";
		};
		53EF1055014EE5320874DB5D /* Frameworks */ = {
			isa = PBXGroup;
			children = (
				588609A84665F84046F54128 /* Pods_Final_Project.framework */,
			);
			name = Frameworks;
			sourceTree = "<group>";
		};
		8D483BAA225A8279003922A3 = {
			isa = PBXGroup;
			children = (
				8D483BB5225A8279003922A3 /* Final Project */,
				8D483BB4225A8279003922A3 /* Products */,
				30D3B8FAE0C9036D7CC4DB00 /* Pods */,
				53EF1055014EE5320874DB5D /* Frameworks */,
			);
			sourceTree = "<group>";
		};
		8D483BB4225A8279003922A3 /* Products */ = {
			isa = PBXGroup;
			children = (
				8D483BB3225A8279003922A3 /* Final Project.app */,
			);
			name = Products;
			sourceTree = "<group>";
		};
		8D483BB5225A8279003922A3 /* Final Project */ = {
			isa = PBXGroup;
			children = (
				8DEE8B07227B937000BDF6BC /* Model */,
				8D483BB6225A8279003922A3 /* AppDelegate.swift */,
				8DEE8B1022A8A0C600BDF6BC /* DataController.swift */,
				8DEE8ADC226C0E7400BDF6BC /* Final.xcdatamodeld */,
				8D483BCA225A89BF003922A3 /* Views */,
				8D483BBA225A8279003922A3 /* Main.storyboard */,
				8D483BBD225A827A003922A3 /* Assets.xcassets */,
				8D483BBF225A827A003922A3 /* LaunchScreen.storyboard */,
				8D483BC8225A89B9003922A3 /* tableViewCell.swift */,
				8D483BC2225A827A003922A3 /* Info.plist */,
			);
			path = "Final Project";
			sourceTree = "<group>";
		};
		8D483BCA225A89BF003922A3 /* Views */ = {
			isa = PBXGroup;
			children = (
				8DEE8B1522A8A6A200BDF6BC /* protocols */,
				8DEE8B1222A8A2F200BDF6BC /* Cell */,
				8D483BCB225A8B05003922A3 /* SearchViewController.swift */,
				8DEE8B032274EEC900BDF6BC /* SearchedResultViewController.swift */,
			);
			path = Views;
			sourceTree = "<group>";
		};
		8DEE8B07227B937000BDF6BC /* Model */ = {
			isa = PBXGroup;
			children = (
				8DEE8B08227B937A00BDF6BC /* Client */,
			);
			path = Model;
			sourceTree = "<group>";
		};
		8DEE8B08227B937A00BDF6BC /* Client */ = {
			isa = PBXGroup;
			children = (
				8DEE8B09227B942400BDF6BC /* Craigslist */,
			);
			path = Client;
			sourceTree = "<group>";
		};
		8DEE8B09227B942400BDF6BC /* Craigslist */ = {
			isa = PBXGroup;
			children = (
				8DEE8B0A227B947800BDF6BC /* CraigslistClient.swift */,
				8DEE8B0C227B9B9800BDF6BC /* GCDBlackBox.swift */,
			);
			path = Craigslist;
			sourceTree = "<group>";
		};
		8DEE8B1222A8A2F200BDF6BC /* Cell */ = {
			isa = PBXGroup;
			children = (
				8DEE8B1322A8A30500BDF6BC /* itemCell.swift */,
			);
			path = Cell;
			sourceTree = "<group>";
		};
		8DEE8B1522A8A6A200BDF6BC /* protocols */ = {
			isa = PBXGroup;
			children = (
				8DEE8B1622A8A6AD00BDF6BC /* cell.swift */,
			);
			path = protocols;
			sourceTree = "<group>";
		};
/* End PBXGroup section */

/* Begin PBXNativeTarget section */
		8D483BB2225A8279003922A3 /* Final Project */ = {
			isa = PBXNativeTarget;
			buildConfigurationList = 8D483BC5225A827A003922A3 /* Build configuration list for PBXNativeTarget "Final Project" */;
			buildPhases = (
				32BABE67E366A58879703EE4 /* [CP] Check Pods Manifest.lock */,
				8D483BAF225A8279003922A3 /* Sources */,
				8D483BB0225A8279003922A3 /* Frameworks */,
				8D483BB1225A8279003922A3 /* Resources */,
				03E4C67C6D54F5E37699E25F /* [CP] Embed Pods Frameworks */,
			);
			buildRules = (
			);
			dependencies = (
			);
			name = "Final Project";
			productName = "Final Project";
			productReference = 8D483BB3225A8279003922A3 /* Final Project.app */;
			productType = "com.apple.product-type.application";
		};
/* End PBXNativeTarget section */

/* Begin PBXProject section */
		8D483BAB225A8279003922A3 /* Project object */ = {
			isa = PBXProject;
			attributes = {
				LastSwiftUpdateCheck = 1000;
				LastUpgradeCheck = 1000;
				ORGANIZATIONNAME = "Matt Gilman";
				TargetAttributes = {
					8D483BB2225A8279003922A3 = {
						CreatedOnToolsVersion = 10.0;
					};
				};
			};
			buildConfigurationList = 8D483BAE225A8279003922A3 /* Build configuration list for PBXProject "Final Project" */;
			compatibilityVersion = "Xcode 9.3";
			developmentRegion = en;
			hasScannedForEncodings = 0;
			knownRegions = (
				en,
				Base,
			);
			mainGroup = 8D483BAA225A8279003922A3;
			productRefGroup = 8D483BB4225A8279003922A3 /* Products */;
			projectDirPath = "";
			projectRoot = "";
			targets = (
				8D483BB2225A8279003922A3 /* Final Project */,
			);
		};
/* End PBXProject section */

/* Begin PBXResourcesBuildPhase section */
		8D483BB1225A8279003922A3 /* Resources */ = {
			isa = PBXResourcesBuildPhase;
			buildActionMask = 2147483647;
			files = (
				8D483BC1225A827A003922A3 /* LaunchScreen.storyboard in Resources */,
				8D483BBE225A827A003922A3 /* Assets.xcassets in Resources */,
				8D483BBC225A8279003922A3 /* Main.storyboard in Resources */,
			);
			runOnlyForDeploymentPostprocessing = 0;
		};
/* End PBXResourcesBuildPhase section */

/* Begin PBXShellScriptBuildPhase section */
		03E4C67C6D54F5E37699E25F /* [CP] Embed Pods Frameworks */ = {
			isa = PBXShellScriptBuildPhase;
			buildActionMask = 2147483647;
			files = (
			);
			inputFileListPaths = (
				"${PODS_ROOT}/Target Support Files/Pods-Final Project/Pods-Final Project-frameworks-${CONFIGURATION}-input-files.xcfilelist",
			);
			name = "[CP] Embed Pods Frameworks";
			outputFileListPaths = (
				"${PODS_ROOT}/Target Support Files/Pods-Final Project/Pods-Final Project-frameworks-${CONFIGURATION}-output-files.xcfilelist",
			);
			runOnlyForDeploymentPostprocessing = 0;
			shellPath = /bin/sh;
			shellScript = "\"${PODS_ROOT}/Target Support Files/Pods-Final Project/Pods-Final Project-frameworks.sh\"\n";
			showEnvVarsInLog = 0;
		};
		32BABE67E366A58879703EE4 /* [CP] Check Pods Manifest.lock */ = {
			isa = PBXShellScriptBuildPhase;
			buildActionMask = 2147483647;
			files = (
			);
			inputFileListPaths = (
			);
			inputPaths = (
				"${PODS_PODFILE_DIR_PATH}/Podfile.lock",
				"${PODS_ROOT}/Manifest.lock",
			);
			name = "[CP] Check Pods Manifest.lock";
			outputFileListPaths = (
			);
			outputPaths = (
				"$(DERIVED_FILE_DIR)/Pods-Final Project-checkManifestLockResult.txt",
			);
			runOnlyForDeploymentPostprocessing = 0;
			shellPath = /bin/sh;
			shellScript = "diff \"${PODS_PODFILE_DIR_PATH}/Podfile.lock\" \"${PODS_ROOT}/Manifest.lock\" > /dev/null\nif [ $? != 0 ] ; then\n    # print error to STDERR\n    echo \"error: The sandbox is not in sync with the Podfile.lock. Run 'pod install' or update your CocoaPods installation.\" >&2\n    exit 1\nfi\n# This output is used by Xcode 'outputs' to avoid re-running this script phase.\necho \"SUCCESS\" > \"${SCRIPT_OUTPUT_FILE_0}\"\n";
			showEnvVarsInLog = 0;
		};
/* End PBXShellScriptBuildPhase section */

/* Begin PBXSourcesBuildPhase section */
		8D483BAF225A8279003922A3 /* Sources */ = {
			isa = PBXSourcesBuildPhase;
			buildActionMask = 2147483647;
			files = (
				8DEE8B1422A8A30500BDF6BC /* itemCell.swift in Sources */,
				8DEE8B0B227B947800BDF6BC /* CraigslistClient.swift in Sources */,
				8DEE8B1722A8A6AD00BDF6BC /* cell.swift in Sources */,
				8DEE8ADE226C0E7400BDF6BC /* Final.xcdatamodeld in Sources */,
				8DEE8B042274EEC900BDF6BC /* SearchedResultViewController.swift in Sources */,
				8DEE8B0D227B9B9800BDF6BC /* GCDBlackBox.swift in Sources */,
				8DEE8B1122A8A0C600BDF6BC /* DataController.swift in Sources */,
				8D483BB7225A8279003922A3 /* AppDelegate.swift in Sources */,
				8D483BCC225A8B05003922A3 /* SearchViewController.swift in Sources */,
				8D483BC9225A89B9003922A3 /* tableViewCell.swift in Sources */,
			);
			runOnlyForDeploymentPostprocessing = 0;
		};
/* End PBXSourcesBuildPhase section */

/* Begin PBXVariantGroup section */
		8D483BBA225A8279003922A3 /* Main.storyboard */ = {
			isa = PBXVariantGroup;
			children = (
				8D483BBB225A8279003922A3 /* Base */,
			);
			name = Main.storyboard;
			sourceTree = "<group>";
		};
		8D483BBF225A827A003922A3 /* LaunchScreen.storyboard */ = {
			isa = PBXVariantGroup;
			children = (
				8D483BC0225A827A003922A3 /* Base */,
			);
			name = LaunchScreen.storyboard;
			sourceTree = "<group>";
		};
/* End PBXVariantGroup section */

/* Begin XCBuildConfiguration section */
		8D483BC3225A827A003922A3 /* Debug */ = {
			isa = XCBuildConfiguration;
			buildSettings = {
				ALWAYS_SEARCH_USER_PATHS = NO;
				CLANG_ANALYZER_NONNULL = YES;
				CLANG_ANALYZER_NUMBER_OBJECT_CONVERSION = YES_AGGRESSIVE;
				CLANG_CXX_LANGUAGE_STANDARD = "gnu++14";
				CLANG_CXX_LIBRARY = "libc++";
				CLANG_ENABLE_MODULES = YES;
				CLANG_ENABLE_OBJC_ARC = YES;
				CLANG_ENABLE_OBJC_WEAK = YES;
				CLANG_WARN_BLOCK_CAPTURE_AUTORELEASING = YES;
				CLANG_WARN_BOOL_CONVERSION = YES;
				CLANG_WARN_COMMA = YES;
				CLANG_WARN_CONSTANT_CONVERSION = YES;
				CLANG_WARN_DEPRECATED_OBJC_IMPLEMENTATIONS = YES;
				CLANG_WARN_DIRECT_OBJC_ISA_USAGE = YES_ERROR;
				CLANG_WARN_DOCUMENTATION_COMMENTS = YES;
				CLANG_WARN_EMPTY_BODY = YES;
				CLANG_WARN_ENUM_CONVERSION = YES;
				CLANG_WARN_INFINITE_RECURSION = YES;
				CLANG_WARN_INT_CONVERSION = YES;
				CLANG_WARN_NON_LITERAL_NULL_CONVERSION = YES;
				CLANG_WARN_OBJC_IMPLICIT_RETAIN_SELF = YES;
				CLANG_WARN_OBJC_LITERAL_CONVERSION = YES;
				CLANG_WARN_OBJC_ROOT_CLASS = YES_ERROR;
				CLANG_WARN_RANGE_LOOP_ANALYSIS = YES;
				CLANG_WARN_STRICT_PROTOTYPES = YES;
				CLANG_WARN_SUSPICIOUS_MOVE = YES;
				CLANG_WARN_UNGUARDED_AVAILABILITY = YES_AGGRESSIVE;
				CLANG_WARN_UNREACHABLE_CODE = YES;
				CLANG_WARN__DUPLICATE_METHOD_MATCH = YES;
				CODE_SIGN_IDENTITY = "iPhone Developer";
				COPY_PHASE_STRIP = NO;
				DEBUG_INFORMATION_FORMAT = dwarf;
				ENABLE_STRICT_OBJC_MSGSEND = YES;
				ENABLE_TESTABILITY = YES;
				GCC_C_LANGUAGE_STANDARD = gnu11;
				GCC_DYNAMIC_NO_PIC = NO;
				GCC_NO_COMMON_BLOCKS = YES;
				GCC_OPTIMIZATION_LEVEL = 0;
				GCC_PREPROCESSOR_DEFINITIONS = (
					"DEBUG=1",
					"$(inherited)",
				);
				GCC_WARN_64_TO_32_BIT_CONVERSION = YES;
				GCC_WARN_ABOUT_RETURN_TYPE = YES_ERROR;
				GCC_WARN_UNDECLARED_SELECTOR = YES;
				GCC_WARN_UNINITIALIZED_AUTOS = YES_AGGRESSIVE;
				GCC_WARN_UNUSED_FUNCTION = YES;
				GCC_WARN_UNUSED_VARIABLE = YES;
				IPHONEOS_DEPLOYMENT_TARGET = 12.0;
				MTL_ENABLE_DEBUG_INFO = INCLUDE_SOURCE;
				MTL_FAST_MATH = YES;
				ONLY_ACTIVE_ARCH = YES;
				SDKROOT = iphoneos;
				SWIFT_ACTIVE_COMPILATION_CONDITIONS = DEBUG;
				SWIFT_OPTIMIZATION_LEVEL = "-Onone";
			};
			name = Debug;
		};
		8D483BC4225A827A003922A3 /* Release */ = {
			isa = XCBuildConfiguration;
			buildSettings = {
				ALWAYS_SEARCH_USER_PATHS = NO;
				CLANG_ANALYZER_NONNULL = YES;
				CLANG_ANALYZER_NUMBER_OBJECT_CONVERSION = YES_AGGRESSIVE;
				CLANG_CXX_LANGUAGE_STANDARD = "gnu++14";
				CLANG_CXX_LIBRARY = "libc++";
				CLANG_ENABLE_MODULES = YES;
				CLANG_ENABLE_OBJC_ARC = YES;
				CLANG_ENABLE_OBJC_WEAK = YES;
				CLANG_WARN_BLOCK_CAPTURE_AUTORELEASING = YES;
				CLANG_WARN_BOOL_CONVERSION = YES;
				CLANG_WARN_COMMA = YES;
				CLANG_WARN_CONSTANT_CONVERSION = YES;
				CLANG_WARN_DEPRECATED_OBJC_IMPLEMENTATIONS = YES;
				CLANG_WARN_DIRECT_OBJC_ISA_USAGE = YES_ERROR;
				CLANG_WARN_DOCUMENTATION_COMMENTS = YES;
				CLANG_WARN_EMPTY_BODY = YES;
				CLANG_WARN_ENUM_CONVERSION = YES;
				CLANG_WARN_INFINITE_RECURSION = YES;
				CLANG_WARN_INT_CONVERSION = YES;
				CLANG_WARN_NON_LITERAL_NULL_CONVERSION = YES;
				CLANG_WARN_OBJC_IMPLICIT_RETAIN_SELF = YES;
				CLANG_WARN_OBJC_LITERAL_CONVERSION = YES;
				CLANG_WARN_OBJC_ROOT_CLASS = YES_ERROR;
				CLANG_WARN_RANGE_LOOP_ANALYSIS = YES;
				CLANG_WARN_STRICT_PROTOTYPES = YES;
				CLANG_WARN_SUSPICIOUS_MOVE = YES;
				CLANG_WARN_UNGUARDED_AVAILABILITY = YES_AGGRESSIVE;
				CLANG_WARN_UNREACHABLE_CODE = YES;
				CLANG_WARN__DUPLICATE_METHOD_MATCH = YES;
				CODE_SIGN_IDENTITY = "iPhone Developer";
				COPY_PHASE_STRIP = NO;
				DEBUG_INFORMATION_FORMAT = "dwarf-with-dsym";
				ENABLE_NS_ASSERTIONS = NO;
				ENABLE_STRICT_OBJC_MSGSEND = YES;
				GCC_C_LANGUAGE_STANDARD = gnu11;
				GCC_NO_COMMON_BLOCKS = YES;
				GCC_WARN_64_TO_32_BIT_CONVERSION = YES;
				GCC_WARN_ABOUT_RETURN_TYPE = YES_ERROR;
				GCC_WARN_UNDECLARED_SELECTOR = YES;
				GCC_WARN_UNINITIALIZED_AUTOS = YES_AGGRESSIVE;
				GCC_WARN_UNUSED_FUNCTION = YES;
				GCC_WARN_UNUSED_VARIABLE = YES;
				IPHONEOS_DEPLOYMENT_TARGET = 12.0;
				MTL_ENABLE_DEBUG_INFO = NO;
				MTL_FAST_MATH = YES;
				SDKROOT = iphoneos;
				SWIFT_COMPILATION_MODE = wholemodule;
				SWIFT_OPTIMIZATION_LEVEL = "-O";
				VALIDATE_PRODUCT = YES;
			};
			name = Release;
		};
		8D483BC6225A827A003922A3 /* Debug */ = {
			isa = XCBuildConfiguration;
			baseConfigurationReference = 5DD885E0721FC29170FF9CA6 /* Pods-Final Project.debug.xcconfig */;
			buildSettings = {
				ASSETCATALOG_COMPILER_APPICON_NAME = AppIcon;
				CODE_SIGN_STYLE = Automatic;
				INFOPLIST_FILE = "Final Project/Info.plist";
				LD_RUNPATH_SEARCH_PATHS = (
					"$(inherited)",
					"@executable_path/Frameworks",
				);
				PRODUCT_BUNDLE_IDENTIFIER = "com.Udacity.Final-Project";
				PRODUCT_NAME = "$(TARGET_NAME)";
				SWIFT_VERSION = 4.2;
				TARGETED_DEVICE_FAMILY = "1,2";
			};
			name = Debug;
		};
		8D483BC7225A827A003922A3 /* Release */ = {
			isa = XCBuildConfiguration;
			baseConfigurationReference = EEAE9ED5C863DACBBD5B6C84 /* Pods-Final Project.release.xcconfig */;
			buildSettings = {
				ASSETCATALOG_COMPILER_APPICON_NAME = AppIcon;
				CODE_SIGN_STYLE = Automatic;
				INFOPLIST_FILE = "Final Project/Info.plist";
				LD_RUNPATH_SEARCH_PATHS = (
					"$(inherited)",
					"@executable_path/Frameworks",
				);
				PRODUCT_BUNDLE_IDENTIFIER = "com.Udacity.Final-Project";
				PRODUCT_NAME = "$(TARGET_NAME)";
				SWIFT_VERSION = 4.2;
				TARGETED_DEVICE_FAMILY = "1,2";
			};
			name = Release;
		};
/* End XCBuildConfiguration section */

/* Begin XCConfigurationList section */
		8D483BAE225A8279003922A3 /* Build configuration list for PBXProject "Final Project" */ = {
			isa = XCConfigurationList;
			buildConfigurations = (
				8D483BC3225A827A003922A3 /* Debug */,
				8D483BC4225A827A003922A3 /* Release */,
			);
			defaultConfigurationIsVisible = 0;
			defaultConfigurationName = Release;
		};
		8D483BC5225A827A003922A3 /* Build configuration list for PBXNativeTarget "Final Project" */ = {
			isa = XCConfigurationList;
			buildConfigurations = (
				8D483BC6225A827A003922A3 /* Debug */,
				8D483BC7225A827A003922A3 /* Release */,
			);
			defaultConfigurationIsVisible = 0;
			defaultConfigurationName = Release;
		};
/* End XCConfigurationList section */

/* Begin XCVersionGroup section */
		8DEE8ADC226C0E7400BDF6BC /* Final.xcdatamodeld */ = {
			isa = XCVersionGroup;
			children = (
				8DEE8ADD226C0E7400BDF6BC /* Final.xcdatamodel */,
			);
			currentVersion = 8DEE8ADD226C0E7400BDF6BC /* Final.xcdatamodel */;
			path = Final.xcdatamodeld;
			sourceTree = "<group>";
			versionGroupType = wrapper.xcdatamodel;
		};
/* End XCVersionGroup section */
	};
	rootObject = 8D483BAB225A8279003922A3 /* Project object */;
}
